{
  "object": {
    "pins": [
      {
        "package": "Axioms",
        "repositoryURL": "https://github.com/jemmons/Axioms",
        "state": {
          "branch": null,
          "revision": "319c45d1f85efe49cd1f45eda8a8219cc6bfbb45",
          "version": "0.0.3"
        }
      }
    ]
  },
  "version": 1
}
